{
  "name": "linehub.mesgateway",
  "version": "1.0.0",
  "lockfileVersion": 1,
  "requires": true,
  "dependencies": {
    "node-red-node-ping": {
      "version": "0.3.1",
      "resolved": "https://registry.npmjs.org/node-red-node-ping/-/node-red-node-ping-0.3.1.tgz",
      "integrity": "sha512-8fdkrEgOJ0Cvkgw9a0BhnIFZ/8GAXQSvdLVVkrTgRSWMWJ/FHDwLyqEjeqfXRbFuzIfhT5fd2c7AXAS2vovpFw=="
    }
  }
}
